
Microsoft Visual Studio Solution File, Format Version 12.00
# Visual Studio Version 17
VisualStudioVersion = 17.7.34003.232
MinimumVisualStudioVersion = 10.0.40219.1
Project("{FAE04EC0-301F-11D3-BF4B-00C04F79EFBC}") = "Pinger", "Pinger\Pinger.csproj", "{7A321F53-A02D-4747-B89C-701250B1C4A5}"
EndProject
Global
	GlobalSection(SolutionConfigurationPlatforms) = preSolution
		Debug|Any CPU = Debug|Any CPU
		Release|Any CPU = Release|Any CPU
	EndGlobalSection
	GlobalSection(ProjectConfigurationPlatforms) = postSolution
		{7A321F53-A02D-4747-B89C-701250B1C4A5}.Debug|Any CPU.ActiveCfg = Debug|Any CPU
		{7A321F53-A02D-4747-B89C-701250B1C4A5}.Debug|Any CPU.Build.0 = Debug|Any CPU
		{7A321F53-A02D-4747-B89C-701250B1C4A5}.Release|Any CPU.ActiveCfg = Release|Any CPU
		{7A321F53-A02D-4747-B89C-701250B1C4A5}.Release|Any CPU.Build.0 = Release|Any CPU
	EndGlobalSection
	GlobalSection(SolutionProperties) = preSolution
		HideSolutionNode = FALSE
	EndGlobalSection
	GlobalSection(ExtensibilityGlobals) = postSolution
		SolutionGuid = {0BE6EB3A-D895-43B8-BE9B-2F574A55C8A4}
	EndGlobalSection
EndGlobal
